// !$*UTF8*$!
{
	archiveVersion = 1;
	classes = {
	};
	objectVersion = 46;
	objects = {

/* Begin PBXBuildFile section */
		3686B14917C30D3B00877312 /* opencv2.framework in Frameworks */ = {isa = PBXBuildFile; fileRef = 3686B14817C30D3B00877312 /* opencv2.framework */; };
		3688C0D517AF8E05003DA448 /* UIKit.framework in Frameworks */ = {isa = PBXBuildFile; fileRef = 3688C0D417AF8E05003DA448 /* UIKit.framework */; };
		3688C0D717AF8E05003DA448 /* Foundation.framework in Frameworks */ = {isa = PBXBuildFile; fileRef = 3688C0D617AF8E05003DA448 /* Foundation.framework */; };
		3688C0D917AF8E05003DA448 /* CoreGraphics.framework in Frameworks */ = {isa = PBXBuildFile; fileRef = 3688C0D817AF8E05003DA448 /* CoreGraphics.framework */; };
		3688C0DF17AF8E05003DA448 /* InfoPlist.strings in Resources */ = {isa = PBXBuildFile; fileRef = 3688C0DD17AF8E05003DA448 /* InfoPlist.strings */; };
		3688C0E117AF8E05003DA448 /* main.m in Sources */ = {isa = PBXBuildFile; fileRef = 3688C0E017AF8E05003DA448 /* main.m */; };
		3688C0E517AF8E05003DA448 /* AppDelegate.m in Sources */ = {isa = PBXBuildFile; fileRef = 3688C0E417AF8E05003DA448 /* AppDelegate.m */; };
		3688C0E717AF8E05003DA448 /* Default.png in Resources */ = {isa = PBXBuildFile; fileRef = 3688C0E617AF8E05003DA448 /* Default.png */; };
		3688C0E917AF8E05003DA448 /* Default@2x.png in Resources */ = {isa = PBXBuildFile; fileRef = 3688C0E817AF8E05003DA448 /* Default@2x.png */; };
		3688C0EB17AF8E05003DA448 /* Default-568h@2x.png in Resources */ = {isa = PBXBuildFile; fileRef = 3688C0EA17AF8E05003DA448 /* Default-568h@2x.png */; };
		3688C0EE17AF8E05003DA448 /* MainStoryboard_iPhone.storyboard in Resources */ = {isa = PBXBuildFile; fileRef = 3688C0EC17AF8E05003DA448 /* MainStoryboard_iPhone.storyboard */; };
		3688C0F117AF8E05003DA448 /* MainStoryboard_iPad.storyboard in Resources */ = {isa = PBXBuildFile; fileRef = 3688C0EF17AF8E05003DA448 /* MainStoryboard_iPad.storyboard */; };
		3688C0F417AF8E05003DA448 /* ViewController.mm in Sources */ = {isa = PBXBuildFile; fileRef = 3688C0F317AF8E05003DA448 /* ViewController.mm */; };
		3688C0FB17AF8E5D003DA448 /* Title.png in Resources */ = {isa = PBXBuildFile; fileRef = 3688C0FA17AF8E5D003DA448 /* Title.png */; };
/* End PBXBuildFile section */

/* Begin PBXFileReference section */
		3686B14817C30D3B00877312 /* opencv2.framework */ = {isa = PBXFileReference; lastKnownFileType = wrapper.framework; name = opencv2.framework; path = ../../../../../../../Downloads/opencv2.framework; sourceTree = "<group>"; };
		3688C0D117AF8E05003DA448 /* test.app */ = {isa = PBXFileReference; explicitFileType = wrapper.application; includeInIndex = 0; path = test.app; sourceTree = BUILT_PRODUCTS_DIR; };
		3688C0D417AF8E05003DA448 /* UIKit.framework */ = {isa = PBXFileReference; lastKnownFileType = wrapper.framework; name = UIKit.framework; path = System/Library/Frameworks/UIKit.framework; sourceTree = SDKROOT; };
		3688C0D617AF8E05003DA448 /* Foundation.framework */ = {isa = PBXFileReference; lastKnownFileType = wrapper.framework; name = Foundation.framework; path = System/Library/Frameworks/Foundation.framework; sourceTree = SDKROOT; };
		3688C0D817AF8E05003DA448 /* CoreGraphics.framework */ = {isa = PBXFileReference; lastKnownFileType = wrapper.framework; name = CoreGraphics.framework; path = System/Library/Frameworks/CoreGraphics.framework; sourceTree = SDKROOT; };
		3688C0DC17AF8E05003DA448 /* test-Info.plist */ = {isa = PBXFileReference; lastKnownFileType = text.plist.xml; path = "test-Info.plist"; sourceTree = "<group>"; };
		3688C0DE17AF8E05003DA448 /* en */ = {isa = PBXFileReference; lastKnownFileType = text.plist.strings; name = en; path = en.lproj/InfoPlist.strings; sourceTree = "<group>"; };
		3688C0E017AF8E05003DA448 /* main.m */ = {isa = PBXFileReference; lastKnownFileType = sourcecode.c.objc; path = main.m; sourceTree = "<group>"; };
		3688C0E217AF8E05003DA448 /* test-Prefix.pch */ = {isa = PBXFileReference; lastKnownFileType = sourcecode.c.h; path = "test-Prefix.pch"; sourceTree = "<group>"; };
		3688C0E317AF8E05003DA448 /* AppDelegate.h */ = {isa = PBXFileReference; lastKnownFileType = sourcecode.c.h; path = AppDelegate.h; sourceTree = "<group>"; };
		3688C0E417AF8E05003DA448 /* AppDelegate.m */ = {isa = PBXFileReference; lastKnownFileType = sourcecode.c.objc; path = AppDelegate.m; sourceTree = "<group>"; };
		3688C0E617AF8E05003DA448 /* Default.png */ = {isa = PBXFileReference; lastKnownFileType = image.png; path = Default.png; sourceTree = "<group>"; };
		3688C0E817AF8E05003DA448 /* Default@2x.png */ = {isa = PBXFileReference; lastKnownFileType = image.png; path = "Default@2x.png"; sourceTree = "<group>"; };
		3688C0EA17AF8E05003DA448 /* Default-568h@2x.png */ = {isa = PBXFileReference; lastKnownFileType = image.png; path = "Default-568h@2x.png"; sourceTree = "<group>"; };
		3688C0ED17AF8E05003DA448 /* en */ = {isa = PBXFileReference; lastKnownFileType = file.storyboard; name = en; path = en.lproj/MainStoryboard_iPhone.storyboard; sourceTree = "<group>"; };
		3688C0F017AF8E05003DA448 /* en */ = {isa = PBXFileReference; lastKnownFileType = file.storyboard; name = en; path = en.lproj/MainStoryboard_iPad.storyboard; sourceTree = "<group>"; };
		3688C0F217AF8E05003DA448 /* ViewController.h */ = {isa = PBXFileReference; lastKnownFileType = sourcecode.c.h; path = ViewController.h; sourceTree = "<group>"; };
		3688C0F317AF8E05003DA448 /* ViewController.mm */ = {isa = PBXFileReference; lastKnownFileType = sourcecode.cpp.objcpp; path = ViewController.mm; sourceTree = "<group>"; };
		3688C0FA17AF8E5D003DA448 /* Title.png */ = {isa = PBXFileReference; lastKnownFileType = image.png; path = Title.png; sourceTree = "<group>"; };
/* End PBXFileReference section */

/* Begin PBXFrameworksBuildPhase section */
		3688C0CE17AF8E05003DA448 /* Frameworks */ = {
			isa = PBXFrameworksBuildPhase;
			buildActionMask = 2147483647;
			files = (
				3686B14917C30D3B00877312 /* opencv2.framework in Frameworks */,
				3688C0D517AF8E05003DA448 /* UIKit.framework in Frameworks */,
				3688C0D717AF8E05003DA448 /* Foundation.framework in Frameworks */,
				3688C0D917AF8E05003DA448 /* CoreGraphics.framework in Frameworks */,
			);
			runOnlyForDeploymentPostprocessing = 0;
		};
/* End PBXFrameworksBuildPhase section */

/* Begin PBXGroup section */
		3688C0C817AF8E05003DA448 = {
			isa = PBXGroup;
			children = (
				3686B14817C30D3B00877312 /* opencv2.framework */,
				3688C0FA17AF8E5D003DA448 /* Title.png */,
				3688C0DA17AF8E05003DA448 /* test */,
				3688C0D317AF8E05003DA448 /* Frameworks */,
				3688C0D217AF8E05003DA448 /* Products */,
			);
			sourceTree = "<group>";
		};
		3688C0D217AF8E05003DA448 /* Products */ = {
			isa = PBXGroup;
			children = (
				3688C0D117AF8E05003DA448 /* test.app */,
			);
			name = Products;
			sourceTree = "<group>";
		};
		3688C0D317AF8E05003DA448 /* Frameworks */ = {
			isa = PBXGroup;
			children = (
				3688C0D417AF8E05003DA448 /* UIKit.framework */,
				3688C0D617AF8E05003DA448 /* Foundation.framework */,
				3688C0D817AF8E05003DA448 /* CoreGraphics.framework */,
			);
			name = Frameworks;
			sourceTree = "<group>";
		};
		3688C0DA17AF8E05003DA448 /* test */ = {
			isa = PBXGroup;
			children = (
				3688C0E317AF8E05003DA448 /* AppDelegate.h */,
				3688C0E417AF8E05003DA448 /* AppDelegate.m */,
				3688C0EC17AF8E05003DA448 /* MainStoryboard_iPhone.storyboard */,
				3688C0EF17AF8E05003DA448 /* MainStoryboard_iPad.storyboard */,
				3688C0F217AF8E05003DA448 /* ViewController.h */,
				3688C0F317AF8E05003DA448 /* ViewController.mm */,
				3688C0DB17AF8E05003DA448 /* Supporting Files */,
			);
			path = test;
			sourceTree = "<group>";
		};
		3688C0DB17AF8E05003DA448 /* Supporting Files */ = {
			isa = PBXGroup;
			children = (
				3688C0DC17AF8E05003DA448 /* test-Info.plist */,
				3688C0DD17AF8E05003DA448 /* InfoPlist.strings */,
				3688C0E017AF8E05003DA448 /* main.m */,
				3688C0E217AF8E05003DA448 /* test-Prefix.pch */,
				3688C0E617AF8E05003DA448 /* Default.png */,
				3688C0E817AF8E05003DA448 /* Default@2x.png */,
				3688C0EA17AF8E05003DA448 /* Default-568h@2x.png */,
			);
			name = "Supporting Files";
			sourceTree = "<group>";
		};
/* End PBXGroup section */

/* Begin PBXNativeTarget section */
		3688C0D017AF8E05003DA448 /* test */ = {
			isa = PBXNativeTarget;
			buildConfigurationList = 3688C0F717AF8E05003DA448 /* Build configuration list for PBXNativeTarget "test" */;
			buildPhases = (
				3688C0CD17AF8E05003DA448 /* Sources */,
				3688C0CE17AF8E05003DA448 /* Frameworks */,
				3688C0CF17AF8E05003DA448 /* Resources */,
			);
			buildRules = (
			);
			dependencies = (
			);
			name = test;
			productName = test;
			productReference = 3688C0D117AF8E05003DA448 /* test.app */;
			productType = "com.apple.product-type.application";
		};
/* End PBXNativeTarget section */

/* Begin PBXProject section */
		3688C0C917AF8E05003DA448 /* Project object */ = {
			isa = PBXProject;
			attributes = {
				LastUpgradeCheck = 0460;
				ORGANIZATIONNAME = DLGames;
			};
			buildConfigurationList = 3688C0CC17AF8E05003DA448 /* Build configuration list for PBXProject "test" */;
			compatibilityVersion = "Xcode 3.2";
			developmentRegion = English;
			hasScannedForEncodings = 0;
			knownRegions = (
				en,
			);
			mainGroup = 3688C0C817AF8E05003DA448;
			productRefGroup = 3688C0D217AF8E05003DA448 /* Products */;
			projectDirPath = "";
			projectRoot = "";
			targets = (
				3688C0D017AF8E05003DA448 /* test */,
			);
		};
/* End PBXProject section */

/* Begin PBXResourcesBuildPhase section */
		3688C0CF17AF8E05003DA448 /* Resources */ = {
			isa = PBXResourcesBuildPhase;
			buildActionMask = 2147483647;
			files = (
				3688C0DF17AF8E05003DA448 /* InfoPlist.strings in Resources */,
				3688C0E717AF8E05003DA448 /* Default.png in Resources */,
				3688C0E917AF8E05003DA448 /* Default@2x.png in Resources */,
				3688C0EB17AF8E05003DA448 /* Default-568h@2x.png in Resources */,
				3688C0EE17AF8E05003DA448 /* MainStoryboard_iPhone.storyboard in Resources */,
				3688C0F117AF8E05003DA448 /* MainStoryboard_iPad.storyboard in Resources */,
				3688C0FB17AF8E5D003DA448 /* Title.png in Resources */,
			);
			runOnlyForDeploymentPostprocessing = 0;
		};
/* End PBXResourcesBuildPhase section */

/* Begin PBXSourcesBuildPhase section */
		3688C0CD17AF8E05003DA448 /* Sources */ = {
			isa = PBXSourcesBuildPhase;
			buildActionMask = 2147483647;
			files = (
				3688C0E117AF8E05003DA448 /* main.m in Sources */,
				3688C0E517AF8E05003DA448 /* AppDelegate.m in Sources */,
				3688C0F417AF8E05003DA448 /* ViewController.mm in Sources */,
			);
			runOnlyForDeploymentPostprocessing = 0;
		};
/* End PBXSourcesBuildPhase section */

/* Begin PBXVariantGroup section */
		3688C0DD17AF8E05003DA448 /* InfoPlist.strings */ = {
			isa = PBXVariantGroup;
			children = (
				3688C0DE17AF8E05003DA448 /* en */,
			);
			name = InfoPlist.strings;
			sourceTree = "<group>";
		};
		3688C0EC17AF8E05003DA448 /* MainStoryboard_iPhone.storyboard */ = {
			isa = PBXVariantGroup;
			children = (
				3688C0ED17AF8E05003DA448 /* en */,
			);
			name = MainStoryboard_iPhone.storyboard;
			sourceTree = "<group>";
		};
		3688C0EF17AF8E05003DA448 /* MainStoryboard_iPad.storyboard */ = {
			isa = PBXVariantGroup;
			children = (
				3688C0F017AF8E05003DA448 /* en */,
			);
			name = MainStoryboard_iPad.storyboard;
			sourceTree = "<group>";
		};
/* End PBXVariantGroup section */

/* Begin XCBuildConfiguration section */
		3688C0F517AF8E05003DA448 /* Debug */ = {
			isa = XCBuildConfiguration;
			buildSettings = {
				ALWAYS_SEARCH_USER_PATHS = NO;
				CLANG_CXX_LANGUAGE_STANDARD = "gnu++0x";
				CLANG_CXX_LIBRARY = "libc++";
				CLANG_ENABLE_OBJC_ARC = YES;
				CLANG_WARN_CONSTANT_CONVERSION = YES;
				CLANG_WARN_EMPTY_BODY = YES;
				CLANG_WARN_ENUM_CONVERSION = YES;
				CLANG_WARN_INT_CONVERSION = YES;
				CLANG_WARN__DUPLICATE_METHOD_MATCH = YES;
				"CODE_SIGN_IDENTITY[sdk=iphoneos*]" = "iPhone Developer";
				COPY_PHASE_STRIP = NO;
				GCC_C_LANGUAGE_STANDARD = gnu99;
				GCC_DYNAMIC_NO_PIC = NO;
				GCC_OPTIMIZATION_LEVEL = 0;
				GCC_PREPROCESSOR_DEFINITIONS = (
					"DEBUG=1",
					"$(inherited)",
				);
				GCC_SYMBOLS_PRIVATE_EXTERN = NO;
				GCC_WARN_ABOUT_RETURN_TYPE = YES;
				GCC_WARN_UNINITIALIZED_AUTOS = YES;
				GCC_WARN_UNUSED_VARIABLE = YES;
				IPHONEOS_DEPLOYMENT_TARGET = 6.1;
				ONLY_ACTIVE_ARCH = YES;
				SDKROOT = iphoneos;
				TARGETED_DEVICE_FAMILY = "1,2";
			};
			name = Debug;
		};
		3688C0F617AF8E05003DA448 /* Release */ = {
			isa = XCBuildConfiguration;
			buildSettings = {
				ALWAYS_SEARCH_USER_PATHS = NO;
				CLANG_CXX_LANGUAGE_STANDARD = "gnu++0x";
				CLANG_CXX_LIBRARY = "libc++";
				CLANG_ENABLE_OBJC_ARC = YES;
				CLANG_WARN_CONSTANT_CONVERSION = YES;
				CLANG_WARN_EMPTY_BODY = YES;
				CLANG_WARN_ENUM_CONVERSION = YES;
				CLANG_WARN_INT_CONVERSION = YES;
				CLANG_WARN__DUPLICATE_METHOD_MATCH = YES;
				"CODE_SIGN_IDENTITY[sdk=iphoneos*]" = "iPhone Developer";
				COPY_PHASE_STRIP = YES;
				GCC_C_LANGUAGE_STANDARD = gnu99;
				GCC_WARN_ABOUT_RETURN_TYPE = YES;
				GCC_WARN_UNINITIALIZED_AUTOS = YES;
				GCC_WARN_UNUSED_VARIABLE = YES;
				IPHONEOS_DEPLOYMENT_TARGET = 6.1;
				OTHER_CFLAGS = "-DNS_BLOCK_ASSERTIONS=1";
				SDKROOT = iphoneos;
				TARGETED_DEVICE_FAMILY = "1,2";
				VALIDATE_PRODUCT = YES;
			};
			name = Release;
		};
		3688C0F817AF8E05003DA448 /* Debug */ = {
			isa = XCBuildConfiguration;
			buildSettings = {
				FRAMEWORK_SEARCH_PATHS = (
					"$(inherited)",
					"\"$(SYSTEM_APPS_DIR)/Xcode.app/Contents/Developer/Library/Frameworks\"",
					"\"$(SRCROOT)/../../../../../../../Downloads\"",
				);
				GCC_PRECOMPILE_PREFIX_HEADER = YES;
				GCC_PREFIX_HEADER = "test/test-Prefix.pch";
				INFOPLIST_FILE = "test/test-Info.plist";
				LIBRARY_SEARCH_PATHS = (
					"$(inherited)",
					"\"$(SRCROOT)\"",
					"\"$(SRCROOT)/../../../../../Downloads/opencv-2.4.6.1/build/lib\"",
					"\"$(SRCROOT)/../../../Opencv/opencv/platforms/ios/output/build/iPhoneOS-armv7/modules/core/UninstalledProducts\"",
					"\"$(SRCROOT)/../../../../../Opencv/opencv/platforms/ios/output/build/iPhoneOS-armv7/modules/core/UninstalledProducts\"",
				);
				PRODUCT_NAME = "$(TARGET_NAME)";
				WRAPPER_EXTENSION = app;
			};
			name = Debug;
		};
		3688C0F917AF8E05003DA448 /* Release */ = {
			isa = XCBuildConfiguration;
			buildSettings = {
				FRAMEWORK_SEARCH_PATHS = (
					"$(inherited)",
					"\"$(SYSTEM_APPS_DIR)/Xcode.app/Contents/Developer/Library/Frameworks\"",
					"\"$(SRCROOT)/../../../../../../../Downloads\"",
				);
				GCC_PRECOMPILE_PREFIX_HEADER = YES;
				GCC_PREFIX_HEADER = "test/test-Prefix.pch";
				INFOPLIST_FILE = "test/test-Info.plist";
				LIBRARY_SEARCH_PATHS = (
					"$(inherited)",
					"\"$(SRCROOT)\"",
					"\"$(SRCROOT)/../../../../../Downloads/opencv-2.4.6.1/build/lib\"",
					"\"$(SRCROOT)/../../../Opencv/opencv/platforms/ios/output/build/iPhoneOS-armv7/modules/core/UninstalledProducts\"",
					"\"$(SRCROOT)/../../../../../Opencv/opencv/platforms/ios/output/build/iPhoneOS-armv7/modules/core/UninstalledProducts\"",
				);
				PRODUCT_NAME = "$(TARGET_NAME)";
				WRAPPER_EXTENSION = app;
			};
			name = Release;
		};
/* End XCBuildConfiguration section */

/* Begin XCConfigurationList section */
		3688C0CC17AF8E05003DA448 /* Build configuration list for PBXProject "test" */ = {
			isa = XCConfigurationList;
			buildConfigurations = (
				3688C0F517AF8E05003DA448 /* Debug */,
				3688C0F617AF8E05003DA448 /* Release */,
			);
			defaultConfigurationIsVisible = 0;
			defaultConfigurationName = Release;
		};
		3688C0F717AF8E05003DA448 /* Build configuration list for PBXNativeTarget "test" */ = {
			isa = XCConfigurationList;
			buildConfigurations = (
				3688C0F817AF8E05003DA448 /* Debug */,
				3688C0F917AF8E05003DA448 /* Release */,
			);
			defaultConfigurationIsVisible = 0;
			defaultConfigurationName = Release;
		};
/* End XCConfigurationList section */
	};
	rootObject = 3688C0C917AF8E05003DA448 /* Project object */;
}
